// !$*UTF8*$!
{
	archiveVersion = 1;
	classes = {
	};
	objectVersion = 77;
	objects = {

/* Begin PBXBuildFile section */
		B18E18FF2EAA0154000F3520 /* Privy in Frameworks */ = {isa = PBXBuildFile; productRef = B18E18FE2EAA0154000F3520 /* Privy */; };
		B191E6B92EB0A70D0028EF4F /* YouTubePlayerKit in Frameworks */ = {isa = PBXBuildFile; productRef = B191E6B82EB0A70D0028EF4F /* YouTubePlayerKit */; };
		B1C40F182EA46AB600CF5786 /* Auth in Frameworks */ = {isa = PBXBuildFile; productRef = B1C40F172EA46AB600CF5786 /* Auth */; };
		B1C40F1A2EA46AB600CF5786 /* Functions in Frameworks */ = {isa = PBXBuildFile; productRef = B1C40F192EA46AB600CF5786 /* Functions */; };
		B1C40F1C2EA46AB600CF5786 /* PostgREST in Frameworks */ = {isa = PBXBuildFile; productRef = B1C40F1B2EA46AB600CF5786 /* PostgREST */; };
		B1C40F1E2EA46AB600CF5786 /* Realtime in Frameworks */ = {isa = PBXBuildFile; productRef = B1C40F1D2EA46AB600CF5786 /* Realtime */; };
		B1C40F202EA46AB600CF5786 /* Storage in Frameworks */ = {isa = PBXBuildFile; productRef = B1C40F1F2EA46AB600CF5786 /* Storage */; };
		B1C40F232EA46B1D00CF5786 /* Supabase in Frameworks */ = {isa = PBXBuildFile; productRef = B1C40F222EA46B1D00CF5786 /* Supabase */; };
		B1C40F262EA46D2600CF5786 /* GoogleSignIn in Frameworks */ = {isa = PBXBuildFile; productRef = B1C40F252EA46D2600CF5786 /* GoogleSignIn */; };
		B1C40F282EA46D2600CF5786 /* GoogleSignInSwift in Frameworks */ = {isa = PBXBuildFile; productRef = B1C40F272EA46D2600CF5786 /* GoogleSignInSwift */; };
/* End PBXBuildFile section */

/* Begin PBXFileReference section */
		B118687E2E9E0A8900C56954 /* Instnce.app */ = {isa = PBXFileReference; explicitFileType = wrapper.application; includeInIndex = 0; path = Instnce.app; sourceTree = BUILT_PRODUCTS_DIR; };
/* End PBXFileReference section */

/* Begin PBXFileSystemSynchronizedBuildFileExceptionSet section */
		B1C40F0D2EA457E900CF5786 /* Exceptions for "Instnce" folder in "Instnce" target */ = {
			isa = PBXFileSystemSynchronizedBuildFileExceptionSet;
			membershipExceptions = (
				Info.plist,
			);
			target = B118687D2E9E0A8900C56954 /* Instnce */;
		};
/* End PBXFileSystemSynchronizedBuildFileExceptionSet section */

/* Begin PBXFileSystemSynchronizedRootGroup section */
		B11868802E9E0A8900C56954 /* Instnce */ = {
			isa = PBXFileSystemSynchronizedRootGroup;
			exceptions = (
				B1C40F0D2EA457E900CF5786 /* Exceptions for "Instnce" folder in "Instnce" target */,
			);
			path = Instnce;
			sourceTree = "<group>";
		};
/* End PBXFileSystemSynchronizedRootGroup section */

/* Begin PBXFrameworksBuildPhase section */
		B118687B2E9E0A8900C56954 /* Frameworks */ = {
			isa = PBXFrameworksBuildPhase;
			buildActionMask = 2147483647;
			files = (
				B1C40F1C2EA46AB600CF5786 /* PostgREST in Frameworks */,
				B1C40F1A2EA46AB600CF5786 /* Functions in Frameworks */,
				B191E6B92EB0A70D0028EF4F /* YouTubePlayerKit in Frameworks */,
				B1C40F232EA46B1D00CF5786 /* Supabase in Frameworks */,
				B18E18FF2EAA0154000F3520 /* Privy in Frameworks */,
				B1C40F282EA46D2600CF5786 /* GoogleSignInSwift in Frameworks */,
				B1C40F182EA46AB600CF5786 /* Auth in Frameworks */,
				B1C40F202EA46AB600CF5786 /* Storage in Frameworks */,
				B1C40F1E2EA46AB600CF5786 /* Realtime in Frameworks */,
				B1C40F262EA46D2600CF5786 /* GoogleSignIn in Frameworks */,
			);
			runOnlyForDeploymentPostprocessing = 0;
		};
/* End PBXFrameworksBuildPhase section */

/* Begin PBXGroup section */
		B11868752E9E0A8900C56954 = {
			isa = PBXGroup;
			children = (
				B11868802E9E0A8900C56954 /* Instnce */,
				B1C40F212EA46B1D00CF5786 /* Frameworks */,
				B118687F2E9E0A8900C56954 /* Products */,
			);
			sourceTree = "<group>";
		};
		B118687F2E9E0A8900C56954 /* Products */ = {
			isa = PBXGroup;
			children = (
				B118687E2E9E0A8900C56954 /* Instnce.app */,
			);
			name = Products;
			sourceTree = "<group>";
		};
		B1C40F212EA46B1D00CF5786 /* Frameworks */ = {
			isa = PBXGroup;
			children = (
			);
			name = Frameworks;
			sourceTree = "<group>";
		};
/* End PBXGroup section */

/* Begin PBXNativeTarget section */
		B118687D2E9E0A8900C56954 /* Instnce */ = {
			isa = PBXNativeTarget;
			buildConfigurationList = B11868892E9E0A8C00C56954 /* Build configuration list for PBXNativeTarget "Instnce" */;
			buildPhases = (
				B118687A2E9E0A8900C56954 /* Sources */,
				B118687B2E9E0A8900C56954 /* Frameworks */,
				B118687C2E9E0A8900C56954 /* Resources */,
			);
			buildRules = (
			);
			dependencies = (
			);
			fileSystemSynchronizedGroups = (
				B11868802E9E0A8900C56954 /* Instnce */,
			);
			name = Instnce;
			packageProductDependencies = (
				B1C40F172EA46AB600CF5786 /* Auth */,
				B1C40F192EA46AB600CF5786 /* Functions */,
				B1C40F1B2EA46AB600CF5786 /* PostgREST */,
				B1C40F1D2EA46AB600CF5786 /* Realtime */,
				B1C40F1F2EA46AB600CF5786 /* Storage */,
				B1C40F222EA46B1D00CF5786 /* Supabase */,
				B1C40F252EA46D2600CF5786 /* GoogleSignIn */,
				B1C40F272EA46D2600CF5786 /* GoogleSignInSwift */,
				B18E18FE2EAA0154000F3520 /* Privy */,
				B191E6B82EB0A70D0028EF4F /* YouTubePlayerKit */,
			);
			productName = Instnce;
			productReference = B118687E2E9E0A8900C56954 /* Instnce.app */;
			productType = "com.apple.product-type.application";
		};
/* End PBXNativeTarget section */

/* Begin PBXProject section */
		B11868762E9E0A8900C56954 /* Project object */ = {
			isa = PBXProject;
			attributes = {
				BuildIndependentTargetsInParallel = 1;
				LastSwiftUpdateCheck = 2600;
				LastUpgradeCheck = 2600;
				TargetAttributes = {
					B118687D2E9E0A8900C56954 = {
						CreatedOnToolsVersion = 26.0.1;
					};
				};
			};
			buildConfigurationList = B11868792E9E0A8900C56954 /* Build configuration list for PBXProject "Instnce" */;
			developmentRegion = en;
			hasScannedForEncodings = 0;
			knownRegions = (
				en,
				Base,
			);
			mainGroup = B11868752E9E0A8900C56954;
			minimizedProjectReferenceProxies = 1;
			packageReferences = (
				B1C40F142EA469AF00CF5786 /* XCRemoteSwiftPackageReference "supabase-swift" */,
				B1C40F242EA46D2600CF5786 /* XCRemoteSwiftPackageReference "GoogleSignIn-iOS" */,
				B18E18FD2EAA0154000F3520 /* XCRemoteSwiftPackageReference "privy-ios" */,
				B191E6B72EB0A70D0028EF4F /* XCRemoteSwiftPackageReference "YouTubePlayerKit" */,
			);
			preferredProjectObjectVersion = 77;
			productRefGroup = B118687F2E9E0A8900C56954 /* Products */;
			projectDirPath = "";
			projectRoot = "";
			targets = (
				B118687D2E9E0A8900C56954 /* Instnce */,
			);
		};
/* End PBXProject section */

/* Begin PBXResourcesBuildPhase section */
		B118687C2E9E0A8900C56954 /* Resources */ = {
			isa = PBXResourcesBuildPhase;
			buildActionMask = 2147483647;
			files = (
			);
			runOnlyForDeploymentPostprocessing = 0;
		};
/* End PBXResourcesBuildPhase section */

/* Begin PBXSourcesBuildPhase section */
		B118687A2E9E0A8900C56954 /* Sources */ = {
			isa = PBXSourcesBuildPhase;
			buildActionMask = 2147483647;
			files = (
			);
			runOnlyForDeploymentPostprocessing = 0;
		};
/* End PBXSourcesBuildPhase section */

/* Begin XCBuildConfiguration section */
		B11868872E9E0A8C00C56954 /* Debug */ = {
			isa = XCBuildConfiguration;
			buildSettings = {
				ALWAYS_SEARCH_USER_PATHS = NO;
				ASSETCATALOG_COMPILER_GENERATE_SWIFT_ASSET_SYMBOL_EXTENSIONS = YES;
				CLANG_ANALYZER_NONNULL = YES;
				CLANG_ANALYZER_NUMBER_OBJECT_CONVERSION = YES_AGGRESSIVE;
				CLANG_CXX_LANGUAGE_STANDARD = "gnu++20";
				CLANG_ENABLE_MODULES = YES;
				CLANG_ENABLE_OBJC_ARC = YES;
				CLANG_ENABLE_OBJC_WEAK = YES;
				CLANG_WARN_BLOCK_CAPTURE_AUTORELEASING = YES;
				CLANG_WARN_BOOL_CONVERSION = YES;
				CLANG_WARN_COMMA = YES;
				CLANG_WARN_CONSTANT_CONVERSION = YES;
				CLANG_WARN_DEPRECATED_OBJC_IMPLEMENTATIONS = YES;
				CLANG_WARN_DIRECT_OBJC_ISA_USAGE = YES_ERROR;
				CLANG_WARN_DOCUMENTATION_COMMENTS = YES;
				CLANG_WARN_EMPTY_BODY = YES;
				CLANG_WARN_ENUM_CONVERSION = YES;
				CLANG_WARN_INFINITE_RECURSION = YES;
				CLANG_WARN_INT_CONVERSION = YES;
				CLANG_WARN_NON_LITERAL_NULL_CONVERSION = YES;
				CLANG_WARN_OBJC_IMPLICIT_RETAIN_SELF = YES;
				CLANG_WARN_OBJC_LITERAL_CONVERSION = YES;
				CLANG_WARN_OBJC_ROOT_CLASS = YES_ERROR;
				CLANG_WARN_QUOTED_INCLUDE_IN_FRAMEWORK_HEADER = YES;
				CLANG_WARN_RANGE_LOOP_ANALYSIS = YES;
				CLANG_WARN_STRICT_PROTOTYPES = YES;
				CLANG_WARN_SUSPICIOUS_MOVE = YES;
				CLANG_WARN_UNGUARDED_AVAILABILITY = YES_AGGRESSIVE;
				CLANG_WARN_UNREACHABLE_CODE = YES;
				CLANG_WARN__DUPLICATE_METHOD_MATCH = YES;
				COPY_PHASE_STRIP = NO;
				DEBUG_INFORMATION_FORMAT = dwarf;
				DEVELOPMENT_TEAM = ACRAVGQSGU;
				ENABLE_STRICT_OBJC_MSGSEND = YES;
				ENABLE_TESTABILITY = YES;
				ENABLE_USER_SCRIPT_SANDBOXING = YES;
				GCC_C_LANGUAGE_STANDARD = gnu17;
				GCC_DYNAMIC_NO_PIC = NO;
				GCC_NO_COMMON_BLOCKS = YES;
				GCC_OPTIMIZATION_LEVEL = 0;
				GCC_PREPROCESSOR_DEFINITIONS = (
					"DEBUG=1",
					"$(inherited)",
				);
				GCC_WARN_64_TO_32_BIT_CONVERSION = YES;
				GCC_WARN_ABOUT_RETURN_TYPE = YES_ERROR;
				GCC_WARN_UNDECLARED_SELECTOR = YES;
				GCC_WARN_UNINITIALIZED_AUTOS = YES_AGGRESSIVE;
				GCC_WARN_UNUSED_FUNCTION = YES;
				GCC_WARN_UNUSED_VARIABLE = YES;
				INFOPLIST_KEY_UILaunchScreen_Generation = YES;
				"INFOPLIST_KEY_UILaunchScreen_Generation[sdk=*]" = "";
				IPHONEOS_DEPLOYMENT_TARGET = 26.0;
				LOCALIZATION_PREFERS_STRING_CATALOGS = YES;
				MACOSX_DEPLOYMENT_TARGET = 26.0;
				MTL_ENABLE_DEBUG_INFO = INCLUDE_SOURCE;
				MTL_FAST_MATH = YES;
				ONLY_ACTIVE_ARCH = YES;
				SDKROOT = macosx;
				SWIFT_ACTIVE_COMPILATION_CONDITIONS = "DEBUG $(inherited)";
				SWIFT_OPTIMIZATION_LEVEL = "-Onone";
			};
			name = Debug;
		};
		B11868882E9E0A8C00C56954 /* Release */ = {
			isa = XCBuildConfiguration;
			buildSettings = {
				ALWAYS_SEARCH_USER_PATHS = NO;
				ASSETCATALOG_COMPILER_GENERATE_SWIFT_ASSET_SYMBOL_EXTENSIONS = YES;
				CLANG_ANALYZER_NONNULL = YES;
				CLANG_ANALYZER_NUMBER_OBJECT_CONVERSION = YES_AGGRESSIVE;
				CLANG_CXX_LANGUAGE_STANDARD = "gnu++20";
				CLANG_ENABLE_MODULES = YES;
				CLANG_ENABLE_OBJC_ARC = YES;
				CLANG_ENABLE_OBJC_WEAK = YES;
				CLANG_WARN_BLOCK_CAPTURE_AUTORELEASING = YES;
				CLANG_WARN_BOOL_CONVERSION = YES;
				CLANG_WARN_COMMA = YES;
				CLANG_WARN_CONSTANT_CONVERSION = YES;
				CLANG_WARN_DEPRECATED_OBJC_IMPLEMENTATIONS = YES;
				CLANG_WARN_DIRECT_OBJC_ISA_USAGE = YES_ERROR;
				CLANG_WARN_DOCUMENTATION_COMMENTS = YES;
				CLANG_WARN_EMPTY_BODY = YES;
				CLANG_WARN_ENUM_CONVERSION = YES;
				CLANG_WARN_INFINITE_RECURSION = YES;
				CLANG_WARN_INT_CONVERSION = YES;
				CLANG_WARN_NON_LITERAL_NULL_CONVERSION = YES;
				CLANG_WARN_OBJC_IMPLICIT_RETAIN_SELF = YES;
				CLANG_WARN_OBJC_LITERAL_CONVERSION = YES;
				CLANG_WARN_OBJC_ROOT_CLASS = YES_ERROR;
				CLANG_WARN_QUOTED_INCLUDE_IN_FRAMEWORK_HEADER = YES;
				CLANG_WARN_RANGE_LOOP_ANALYSIS = YES;
				CLANG_WARN_STRICT_PROTOTYPES = YES;
				CLANG_WARN_SUSPICIOUS_MOVE = YES;
				CLANG_WARN_UNGUARDED_AVAILABILITY = YES_AGGRESSIVE;
				CLANG_WARN_UNREACHABLE_CODE = YES;
				CLANG_WARN__DUPLICATE_METHOD_MATCH = YES;
				COPY_PHASE_STRIP = NO;
				DEBUG_INFORMATION_FORMAT = "dwarf-with-dsym";
				DEVELOPMENT_TEAM = ACRAVGQSGU;
				ENABLE_NS_ASSERTIONS = NO;
				ENABLE_STRICT_OBJC_MSGSEND = YES;
				ENABLE_USER_SCRIPT_SANDBOXING = YES;
				GCC_C_LANGUAGE_STANDARD = gnu17;
				GCC_NO_COMMON_BLOCKS = YES;
				GCC_WARN_64_TO_32_BIT_CONVERSION = YES;
				GCC_WARN_ABOUT_RETURN_TYPE = YES_ERROR;
				GCC_WARN_UNDECLARED_SELECTOR = YES;
				GCC_WARN_UNINITIALIZED_AUTOS = YES_AGGRESSIVE;
				GCC_WARN_UNUSED_FUNCTION = YES;
				GCC_WARN_UNUSED_VARIABLE = YES;
				INFOPLIST_KEY_UILaunchScreen_Generation = YES;
				IPHONEOS_DEPLOYMENT_TARGET = 26.0;
				LOCALIZATION_PREFERS_STRING_CATALOGS = YES;
				MACOSX_DEPLOYMENT_TARGET = 26.0;
				MTL_ENABLE_DEBUG_INFO = NO;
				MTL_FAST_MATH = YES;
				SDKROOT = macosx;
				SWIFT_COMPILATION_MODE = wholemodule;
			};
			name = Release;
		};
		B118688A2E9E0A8C00C56954 /* Debug */ = {
			isa = XCBuildConfiguration;
			buildSettings = {
				ASSETCATALOG_COMPILER_APPICON_NAME = AppIcon;
				ASSETCATALOG_COMPILER_GLOBAL_ACCENT_COLOR_NAME = AccentColor;
				CODE_SIGN_STYLE = Automatic;
				COMBINE_HIDPI_IMAGES = YES;
				CURRENT_PROJECT_VERSION = 1;
				DEVELOPMENT_TEAM = ACRAVGQSGU;
				ENABLE_APP_SANDBOX = YES;
				ENABLE_HARDENED_RUNTIME = YES;
				ENABLE_PREVIEWS = YES;
				ENABLE_USER_SELECTED_FILES = readonly;
				GENERATE_INFOPLIST_FILE = YES;
				INFOPLIST_FILE = Instnce/Info.plist;
				INFOPLIST_KEY_NSHumanReadableCopyright = "";
				INFOPLIST_KEY_UILaunchStoryboardName = LaunchScreen.storyboard;
				INFOPLIST_KEY_UISupportedInterfaceOrientations_iPad = UIInterfaceOrientationLandscapeRight;
				INFOPLIST_KEY_UIUserInterfaceStyle = Light;
				LD_RUNPATH_SEARCH_PATHS = (
					"$(inherited)",
					"@executable_path/../Frameworks",
					"@loader_path/Frameworks",
				);
				MARKETING_VERSION = 1.0;
				PRODUCT_BUNDLE_IDENTIFIER = BAAG.Instnce;
				PRODUCT_NAME = "$(TARGET_NAME)";
				REGISTER_APP_GROUPS = YES;
				STRING_CATALOG_GENERATE_SYMBOLS = YES;
				SUPPORTED_PLATFORMS = "iphoneos iphonesimulator";
				SUPPORTS_MACCATALYST = NO;
				SWIFT_APPROACHABLE_CONCURRENCY = YES;
				SWIFT_DEFAULT_ACTOR_ISOLATION = MainActor;
				SWIFT_EMIT_LOC_STRINGS = YES;
				SWIFT_UPCOMING_FEATURE_MEMBER_IMPORT_VISIBILITY = YES;
				SWIFT_VERSION = 5.0;
				TARGETED_DEVICE_FAMILY = 1;
			};
			name = Debug;
		};
		B118688B2E9E0A8C00C56954 /* Release */ = {
			isa = XCBuildConfiguration;
			buildSettings = {
				ASSETCATALOG_COMPILER_APPICON_NAME = AppIcon;
				ASSETCATALOG_COMPILER_GLOBAL_ACCENT_COLOR_NAME = AccentColor;
				CODE_SIGN_STYLE = Automatic;
				COMBINE_HIDPI_IMAGES = YES;
				CURRENT_PROJECT_VERSION = 1;
				DEVELOPMENT_TEAM = ACRAVGQSGU;
				ENABLE_APP_SANDBOX = YES;
				ENABLE_HARDENED_RUNTIME = YES;
				ENABLE_PREVIEWS = YES;
				ENABLE_USER_SELECTED_FILES = readonly;
				GENERATE_INFOPLIST_FILE = YES;
				INFOPLIST_FILE = Instnce/Info.plist;
				INFOPLIST_KEY_NSHumanReadableCopyright = "";
				INFOPLIST_KEY_UILaunchStoryboardName = LaunchScreen.storyboard;
				INFOPLIST_KEY_UISupportedInterfaceOrientations_iPad = UIInterfaceOrientationLandscapeRight;
				INFOPLIST_KEY_UIUserInterfaceStyle = Light;
				LD_RUNPATH_SEARCH_PATHS = (
					"$(inherited)",
					"@executable_path/../Frameworks",
					"@loader_path/Frameworks",
				);
				MARKETING_VERSION = 1.0;
				PRODUCT_BUNDLE_IDENTIFIER = BAAG.Instnce;
				PRODUCT_NAME = "$(TARGET_NAME)";
				REGISTER_APP_GROUPS = YES;
				STRING_CATALOG_GENERATE_SYMBOLS = YES;
				SUPPORTED_PLATFORMS = "iphoneos iphonesimulator";
				SUPPORTS_MACCATALYST = NO;
				SWIFT_APPROACHABLE_CONCURRENCY = YES;
				SWIFT_DEFAULT_ACTOR_ISOLATION = MainActor;
				SWIFT_EMIT_LOC_STRINGS = YES;
				SWIFT_UPCOMING_FEATURE_MEMBER_IMPORT_VISIBILITY = YES;
				SWIFT_VERSION = 5.0;
				TARGETED_DEVICE_FAMILY = 1;
			};
			name = Release;
		};
/* End XCBuildConfiguration section */

/* Begin XCConfigurationList section */
		B11868792E9E0A8900C56954 /* Build configuration list for PBXProject "Instnce" */ = {
			isa = XCConfigurationList;
			buildConfigurations = (
				B11868872E9E0A8C00C56954 /* Debug */,
				B11868882E9E0A8C00C56954 /* Release */,
			);
			defaultConfigurationIsVisible = 0;
			defaultConfigurationName = Release;
		};
		B11868892E9E0A8C00C56954 /* Build configuration list for PBXNativeTarget "Instnce" */ = {
			isa = XCConfigurationList;
			buildConfigurations = (
				B118688A2E9E0A8C00C56954 /* Debug */,
				B118688B2E9E0A8C00C56954 /* Release */,
			);
			defaultConfigurationIsVisible = 0;
			defaultConfigurationName = Release;
		};
/* End XCConfigurationList section */

/* Begin XCRemoteSwiftPackageReference section */
		B18E18FD2EAA0154000F3520 /* XCRemoteSwiftPackageReference "privy-ios" */ = {
			isa = XCRemoteSwiftPackageReference;
			repositoryURL = "https://github.com/privy-io/privy-ios";
			requirement = {
				kind = upToNextMajorVersion;
				minimumVersion = 2.4.1;
			};
		};
		B191E6B72EB0A70D0028EF4F /* XCRemoteSwiftPackageReference "YouTubePlayerKit" */ = {
			isa = XCRemoteSwiftPackageReference;
			repositoryURL = "https://github.com/SvenTiigi/YouTubePlayerKit.git";
			requirement = {
				kind = upToNextMajorVersion;
				minimumVersion = 2.0.4;
			};
		};
		B1C40F142EA469AF00CF5786 /* XCRemoteSwiftPackageReference "supabase-swift" */ = {
			isa = XCRemoteSwiftPackageReference;
			repositoryURL = "https://github.com/supabase/supabase-swift";
			requirement = {
				kind = upToNextMajorVersion;
				minimumVersion = 2.5.1;
			};
		};
		B1C40F242EA46D2600CF5786 /* XCRemoteSwiftPackageReference "GoogleSignIn-iOS" */ = {
			isa = XCRemoteSwiftPackageReference;
			repositoryURL = "https://github.com/google/GoogleSignIn-iOS";
			requirement = {
				kind = upToNextMajorVersion;
				minimumVersion = 9.0.0;
			};
		};
/* End XCRemoteSwiftPackageReference section */

/* Begin XCSwiftPackageProductDependency section */
		B18E18FE2EAA0154000F3520 /* Privy */ = {
			isa = XCSwiftPackageProductDependency;
			package = B18E18FD2EAA0154000F3520 /* XCRemoteSwiftPackageReference "privy-ios" */;
			productName = Privy;
		};
		B191E6B82EB0A70D0028EF4F /* YouTubePlayerKit */ = {
			isa = XCSwiftPackageProductDependency;
			package = B191E6B72EB0A70D0028EF4F /* XCRemoteSwiftPackageReference "YouTubePlayerKit" */;
			productName = YouTubePlayerKit;
		};
		B1C40F172EA46AB600CF5786 /* Auth */ = {
			isa = XCSwiftPackageProductDependency;
			package = B1C40F142EA469AF00CF5786 /* XCRemoteSwiftPackageReference "supabase-swift" */;
			productName = Auth;
		};
		B1C40F192EA46AB600CF5786 /* Functions */ = {
			isa = XCSwiftPackageProductDependency;
			package = B1C40F142EA469AF00CF5786 /* XCRemoteSwiftPackageReference "supabase-swift" */;
			productName = Functions;
		};
		B1C40F1B2EA46AB600CF5786 /* PostgREST */ = {
			isa = XCSwiftPackageProductDependency;
			package = B1C40F142EA469AF00CF5786 /* XCRemoteSwiftPackageReference "supabase-swift" */;
			productName = PostgREST;
		};
		B1C40F1D2EA46AB600CF5786 /* Realtime */ = {
			isa = XCSwiftPackageProductDependency;
			package = B1C40F142EA469AF00CF5786 /* XCRemoteSwiftPackageReference "supabase-swift" */;
			productName = Realtime;
		};
		B1C40F1F2EA46AB600CF5786 /* Storage */ = {
			isa = XCSwiftPackageProductDependency;
			package = B1C40F142EA469AF00CF5786 /* XCRemoteSwiftPackageReference "supabase-swift" */;
			productName = Storage;
		};
		B1C40F222EA46B1D00CF5786 /* Supabase */ = {
			isa = XCSwiftPackageProductDependency;
			package = B1C40F142EA469AF00CF5786 /* XCRemoteSwiftPackageReference "supabase-swift" */;
			productName = Supabase;
		};
		B1C40F252EA46D2600CF5786 /* GoogleSignIn */ = {
			isa = XCSwiftPackageProductDependency;
			package = B1C40F242EA46D2600CF5786 /* XCRemoteSwiftPackageReference "GoogleSignIn-iOS" */;
			productName = GoogleSignIn;
		};
		B1C40F272EA46D2600CF5786 /* GoogleSignInSwift */ = {
			isa = XCSwiftPackageProductDependency;
			package = B1C40F242EA46D2600CF5786 /* XCRemoteSwiftPackageReference "GoogleSignIn-iOS" */;
			productName = GoogleSignInSwift;
		};
/* End XCSwiftPackageProductDependency section */
	};
	rootObject = B11868762E9E0A8900C56954 /* Project object */;
}
